
Microsoft Visual Studio Solution File, Format Version 12.00
Project("{FAE04EC0-301F-11D3-BF4B-00C04F79EFBC}") = "LiveTiming.Api", "LiveTiming.Api\LiveTiming.Api.csproj", "{EB479C06-91FA-4CE7-B9FD-B7A3E8DB8293}"
EndProject
Project("{FAE04EC0-301F-11D3-BF4B-00C04F79EFBC}") = "LiveTiming.Tests", "LiveTiming.Tests\LiveTiming.Tests.csproj", "{941CF54B-6DDD-4AF6-A49E-7A2F77B071D2}"
EndProject
Project("{FAE04EC0-301F-11D3-BF4B-00C04F79EFBC}") = "LiveTiming.Domain", "LiveTiming.Domain\LiveTiming.Domain.csproj", "{1B2B62E7-6FB1-494B-B007-A4E20CA3EE6F}"
EndProject
Project("{FAE04EC0-301F-11D3-BF4B-00C04F79EFBC}") = "LiveTiming.Infrastructure", "LiveTiming.Infrastructure\LiveTiming.Infrastructure.csproj", "{4AF3B607-35E1-4418-9DA1-2F800AAADB4A}"
EndProject
Project("{FAE04EC0-301F-11D3-BF4B-00C04F79EFBC}") = "LiveTiming.Application", "LiveTiming.Application\LiveTiming.Application.csproj", "{79B73CF7-AA77-499E-8967-59B0BC0E33F0}"
EndProject
Global
	GlobalSection(SolutionConfigurationPlatforms) = preSolution
		Debug|Any CPU = Debug|Any CPU
		Release|Any CPU = Release|Any CPU
	EndGlobalSection
	GlobalSection(ProjectConfigurationPlatforms) = postSolution
		{EB479C06-91FA-4CE7-B9FD-B7A3E8DB8293}.Debug|Any CPU.ActiveCfg = Debug|Any CPU
		{EB479C06-91FA-4CE7-B9FD-B7A3E8DB8293}.Debug|Any CPU.Build.0 = Debug|Any CPU
		{EB479C06-91FA-4CE7-B9FD-B7A3E8DB8293}.Release|Any CPU.ActiveCfg = Release|Any CPU
		{EB479C06-91FA-4CE7-B9FD-B7A3E8DB8293}.Release|Any CPU.Build.0 = Release|Any CPU
		{941CF54B-6DDD-4AF6-A49E-7A2F77B071D2}.Debug|Any CPU.ActiveCfg = Debug|Any CPU
		{941CF54B-6DDD-4AF6-A49E-7A2F77B071D2}.Debug|Any CPU.Build.0 = Debug|Any CPU
		{941CF54B-6DDD-4AF6-A49E-7A2F77B071D2}.Release|Any CPU.ActiveCfg = Release|Any CPU
		{941CF54B-6DDD-4AF6-A49E-7A2F77B071D2}.Release|Any CPU.Build.0 = Release|Any CPU
		{1B2B62E7-6FB1-494B-B007-A4E20CA3EE6F}.Debug|Any CPU.ActiveCfg = Debug|Any CPU
		{1B2B62E7-6FB1-494B-B007-A4E20CA3EE6F}.Debug|Any CPU.Build.0 = Debug|Any CPU
		{1B2B62E7-6FB1-494B-B007-A4E20CA3EE6F}.Release|Any CPU.ActiveCfg = Release|Any CPU
		{1B2B62E7-6FB1-494B-B007-A4E20CA3EE6F}.Release|Any CPU.Build.0 = Release|Any CPU
		{4AF3B607-35E1-4418-9DA1-2F800AAADB4A}.Debug|Any CPU.ActiveCfg = Debug|Any CPU
		{4AF3B607-35E1-4418-9DA1-2F800AAADB4A}.Debug|Any CPU.Build.0 = Debug|Any CPU
		{4AF3B607-35E1-4418-9DA1-2F800AAADB4A}.Release|Any CPU.ActiveCfg = Release|Any CPU
		{4AF3B607-35E1-4418-9DA1-2F800AAADB4A}.Release|Any CPU.Build.0 = Release|Any CPU
		{79B73CF7-AA77-499E-8967-59B0BC0E33F0}.Debug|Any CPU.ActiveCfg = Debug|Any CPU
		{79B73CF7-AA77-499E-8967-59B0BC0E33F0}.Debug|Any CPU.Build.0 = Debug|Any CPU
		{79B73CF7-AA77-499E-8967-59B0BC0E33F0}.Release|Any CPU.ActiveCfg = Release|Any CPU
		{79B73CF7-AA77-499E-8967-59B0BC0E33F0}.Release|Any CPU.Build.0 = Release|Any CPU
	EndGlobalSection
EndGlobal
